# This file is generated by running "yarn install" inside your project.
# Manual changes might be lost - proceed with caution!

__metadata:
  version: 5
  cacheKey: 8

"User@workspace:.":
  version: 0.0.0-use.local
  resolution: "User@workspace:."
  dependencies:
    datatables.net-bs4: ^1.11.3
    datatables.net-buttons-bs4: ^2.0.1
  languageName: unknown
  linkType: soft

"datatables.net-bs4@npm:>=1.10.13, datatables.net-bs4@npm:^1.11.3":
  version: 1.11.3
  resolution: "datatables.net-bs4@npm:1.11.3"
  dependencies:
    datatables.net: ">=1.10.25"
    jquery: ">=1.7"
  checksum: 9a0a823755bcfe49961ae5b99976b509c9d77c4f77110bb9db9d75795dc06b974a2c2c7cc4b20386e7639992cf545cc2f84f5e102df0ce4083d174136dca65f8
  languageName: node
  linkType: hard

"datatables.net-buttons-bs4@npm:^2.0.1":
  version: 2.2.0
  resolution: "datatables.net-buttons-bs4@npm:2.2.0"
  dependencies:
    datatables.net-bs4: ">=1.10.13"
    datatables.net-buttons: ">=1.2.4"
    jquery: ">=1.7"
  checksum: 9685733ac5280bc854ba4cfea54bbf963140d8cb693694df6ad49a2d3c26b8e5f39d55a5009574d94486346c8f16de48f3370e27e4aeabf6035ef02e308241d6
  languageName: node
  linkType: hard

"datatables.net-buttons@npm:>=1.2.4":
  version: 2.2.0
  resolution: "datatables.net-buttons@npm:2.2.0"
  dependencies:
    datatables.net: ">=1.10.9"
    jquery: ">=1.7"
  checksum: 28bd19e6eda7f0dd0e3c6533e05f741a630f745d287585a33780dd546c1ec946cff947f3599eba4c1c9e90bca7f6ec1c32bec64ac858ba9026ef81df740cf4f7
  languageName: node
  linkType: hard

"datatables.net@npm:>=1.10.25, datatables.net@npm:>=1.10.9":
  version: 1.11.3
  resolution: "datatables.net@npm:1.11.3"
  dependencies:
    jquery: ">=1.7"
  checksum: 0bed39cee15d00d6776f5c1aba31fafcb7351863683a656d168699297d2c5c5d0e97bfb690393a0a0393fc27b9e6c4ea8f8701190d746ab59d33e60441c6434b
  languageName: node
  linkType: hard

"jquery@npm:>=1.7":
  version: 3.6.0
  resolution: "jquery@npm:3.6.0"
  checksum: 8fd5fef4aa48fd374ec716dd1c1df1af407814a228e15c1260ca140de3a697c2a77c30c54ff1d238b6a3ab4ddc445ddeef9adce6c6d28e4869d85eb9d3951c0e
  languageName: node
  linkType: hard
